
Microsoft Visual Studio Solution File, Format Version 12.00
# Visual Studio Version 17
VisualStudioVersion = 17.0.32126.317
MinimumVisualStudioVersion = 10.0.40219.1
Project("{FAE04EC0-301F-11D3-BF4B-00C04F79EFBC}") = "Assignment2", "Assignment2\Assignment2.csproj", "{0DC9AC74-F70D-42DC-BB30-FC8B07E24789}"
EndProject
Global
	GlobalSection(SolutionConfigurationPlatforms) = preSolution
		Debug|Any CPU = Debug|Any CPU
		Release|Any CPU = Release|Any CPU
	EndGlobalSection
	GlobalSection(ProjectConfigurationPlatforms) = postSolution
		{0DC9AC74-F70D-42DC-BB30-FC8B07E24789}.Debug|Any CPU.ActiveCfg = Debug|Any CPU
		{0DC9AC74-F70D-42DC-BB30-FC8B07E24789}.Debug|Any CPU.Build.0 = Debug|Any CPU
		{0DC9AC74-F70D-42DC-BB30-FC8B07E24789}.Release|Any CPU.ActiveCfg = Release|Any CPU
		{0DC9AC74-F70D-42DC-BB30-FC8B07E24789}.Release|Any CPU.Build.0 = Release|Any CPU
	EndGlobalSection
	GlobalSection(SolutionProperties) = preSolution
		HideSolutionNode = FALSE
	EndGlobalSection
	GlobalSection(ExtensibilityGlobals) = postSolution
		SolutionGuid = {B95A23AE-B18B-497A-8622-0E6CE8B9779E}
	EndGlobalSection
EndGlobal
